// !$*UTF8*$!
{
	archiveVersion = 1;
	classes = {
	};
	objectVersion = 56;
	objects = {

/* Begin PBXBuildFile section */
		3F2F91102B960B3300E76544 /* multiplicationApp.swift in Sources */ = {isa = PBXBuildFile; fileRef = 3F2F910F2B960B3300E76544 /* multiplicationApp.swift */; };
		3F2F91122B960B3300E76544 /* ContentView.swift in Sources */ = {isa = PBXBuildFile; fileRef = 3F2F91112B960B3300E76544 /* ContentView.swift */; };
		3F2F91142B960B3800E76544 /* Assets.xcassets in Resources */ = {isa = PBXBuildFile; fileRef = 3F2F91132B960B3800E76544 /* Assets.xcassets */; };
		3F2F91172B960B3800E76544 /* Preview Assets.xcassets in Resources */ = {isa = PBXBuildFile; fileRef = 3F2F91162B960B3800E76544 /* Preview Assets.xcassets */; };
		3F2F91212B960B3800E76544 /* multiplicationTests.swift in Sources */ = {isa = PBXBuildFile; fileRef = 3F2F91202B960B3800E76544 /* multiplicationTests.swift */; };
		3F2F912B2B960B3800E76544 /* multiplicationUITests.swift in Sources */ = {isa = PBXBuildFile; fileRef = 3F2F912A2B960B3800E76544 /* multiplicationUITests.swift */; };
		3F2F912D2B960B3800E76544 /* multiplicationUITestsLaunchTests.swift in Sources */ = {isa = PBXBuildFile; fileRef = 3F2F912C2B960B3800E76544 /* multiplicationUITestsLaunchTests.swift */; };
/* End PBXBuildFile section */

/* Begin PBXContainerItemProxy section */
		3F2F911D2B960B3800E76544 /* PBXContainerItemProxy */ = {
			isa = PBXContainerItemProxy;
			containerPortal = 3F2F91042B960B3300E76544 /* Project object */;
			proxyType = 1;
			remoteGlobalIDString = 3F2F910B2B960B3300E76544;
			remoteInfo = multiplication;
		};
		3F2F91272B960B3800E76544 /* PBXContainerItemProxy */ = {
			isa = PBXContainerItemProxy;
			containerPortal = 3F2F91042B960B3300E76544 /* Project object */;
			proxyType = 1;
			remoteGlobalIDString = 3F2F910B2B960B3300E76544;
			remoteInfo = multiplication;
		};
/* End PBXContainerItemProxy section */

/* Begin PBXFileReference section */
		3F2F910C2B960B3300E76544 /* multiplication.app */ = {isa = PBXFileReference; explicitFileType = wrapper.application; includeInIndex = 0; path = multiplication.app; sourceTree = BUILT_PRODUCTS_DIR; };
		3F2F910F2B960B3300E76544 /* multiplicationApp.swift */ = {isa = PBXFileReference; lastKnownFileType = sourcecode.swift; path = multiplicationApp.swift; sourceTree = "<group>"; };
		3F2F91112B960B3300E76544 /* ContentView.swift */ = {isa = PBXFileReference; lastKnownFileType = sourcecode.swift; path = ContentView.swift; sourceTree = "<group>"; };
		3F2F91132B960B3800E76544 /* Assets.xcassets */ = {isa = PBXFileReference; lastKnownFileType = folder.assetcatalog; path = Assets.xcassets; sourceTree = "<group>"; };
		3F2F91162B960B3800E76544 /* Preview Assets.xcassets */ = {isa = PBXFileReference; lastKnownFileType = folder.assetcatalog; path = "Preview Assets.xcassets"; sourceTree = "<group>"; };
		3F2F911C2B960B3800E76544 /* multiplicationTests.xctest */ = {isa = PBXFileReference; explicitFileType = wrapper.cfbundle; includeInIndex = 0; path = multiplicationTests.xctest; sourceTree = BUILT_PRODUCTS_DIR; };
		3F2F91202B960B3800E76544 /* multiplicationTests.swift */ = {isa = PBXFileReference; lastKnownFileType = sourcecode.swift; path = multiplicationTests.swift; sourceTree = "<group>"; };
		3F2F91262B960B3800E76544 /* multiplicationUITests.xctest */ = {isa = PBXFileReference; explicitFileType = wrapper.cfbundle; includeInIndex = 0; path = multiplicationUITests.xctest; sourceTree = BUILT_PRODUCTS_DIR; };
		3F2F912A2B960B3800E76544 /* multiplicationUITests.swift */ = {isa = PBXFileReference; lastKnownFileType = sourcecode.swift; path = multiplicationUITests.swift; sourceTree = "<group>"; };
		3F2F912C2B960B3800E76544 /* multiplicationUITestsLaunchTests.swift */ = {isa = PBXFileReference; lastKnownFileType = sourcecode.swift; path = multiplicationUITestsLaunchTests.swift; sourceTree = "<group>"; };
/* End PBXFileReference section */

/* Begin PBXFrameworksBuildPhase section */
		3F2F91092B960B3300E76544 /* Frameworks */ = {
			isa = PBXFrameworksBuildPhase;
			buildActionMask = 2147483647;
			files = (
			);
			runOnlyForDeploymentPostprocessing = 0;
		};
		3F2F91192B960B3800E76544 /* Frameworks */ = {
			isa = PBXFrameworksBuildPhase;
			buildActionMask = 2147483647;
			files = (
			);
			runOnlyForDeploymentPostprocessing = 0;
		};
		3F2F91232B960B3800E76544 /* Frameworks */ = {
			isa = PBXFrameworksBuildPhase;
			buildActionMask = 2147483647;
			files = (
			);
			runOnlyForDeploymentPostprocessing = 0;
		};
/* End PBXFrameworksBuildPhase section */

/* Begin PBXGroup section */
		3F2F91032B960B3300E76544 = {
			isa = PBXGroup;
			children = (
				3F2F910E2B960B3300E76544 /* multiplication */,
				3F2F911F2B960B3800E76544 /* multiplicationTests */,
				3F2F91292B960B3800E76544 /* multiplicationUITests */,
				3F2F910D2B960B3300E76544 /* Products */,
			);
			sourceTree = "<group>";
		};
		3F2F910D2B960B3300E76544 /* Products */ = {
			isa = PBXGroup;
			children = (
				3F2F910C2B960B3300E76544 /* multiplication.app */,
				3F2F911C2B960B3800E76544 /* multiplicationTests.xctest */,
				3F2F91262B960B3800E76544 /* multiplicationUITests.xctest */,
			);
			name = Products;
			sourceTree = "<group>";
		};
		3F2F910E2B960B3300E76544 /* multiplication */ = {
			isa = PBXGroup;
			children = (
				3F2F910F2B960B3300E76544 /* multiplicationApp.swift */,
				3F2F91112B960B3300E76544 /* ContentView.swift */,
				3F2F91132B960B3800E76544 /* Assets.xcassets */,
				3F2F91152B960B3800E76544 /* Preview Content */,
			);
			path = multiplication;
			sourceTree = "<group>";
		};
		3F2F91152B960B3800E76544 /* Preview Content */ = {
			isa = PBXGroup;
			children = (
				3F2F91162B960B3800E76544 /* Preview Assets.xcassets */,
			);
			path = "Preview Content";
			sourceTree = "<group>";
		};
		3F2F911F2B960B3800E76544 /* multiplicationTests */ = {
			isa = PBXGroup;
			children = (
				3F2F91202B960B3800E76544 /* multiplicationTests.swift */,
			);
			path = multiplicationTests;
			sourceTree = "<group>";
		};
		3F2F91292B960B3800E76544 /* multiplicationUITests */ = {
			isa = PBXGroup;
			children = (
				3F2F912A2B960B3800E76544 /* multiplicationUITests.swift */,
				3F2F912C2B960B3800E76544 /* multiplicationUITestsLaunchTests.swift */,
			);
			path = multiplicationUITests;
			sourceTree = "<group>";
		};
/* End PBXGroup section */

/* Begin PBXNativeTarget section */
		3F2F910B2B960B3300E76544 /* multiplication */ = {
			isa = PBXNativeTarget;
			buildConfigurationList = 3F2F91302B960B3800E76544 /* Build configuration list for PBXNativeTarget "multiplication" */;
			buildPhases = (
				3F2F91082B960B3300E76544 /* Sources */,
				3F2F91092B960B3300E76544 /* Frameworks */,
				3F2F910A2B960B3300E76544 /* Resources */,
			);
			buildRules = (
			);
			dependencies = (
			);
			name = multiplication;
			productName = multiplication;
			productReference = 3F2F910C2B960B3300E76544 /* multiplication.app */;
			productType = "com.apple.product-type.application";
		};
		3F2F911B2B960B3800E76544 /* multiplicationTests */ = {
			isa = PBXNativeTarget;
			buildConfigurationList = 3F2F91332B960B3800E76544 /* Build configuration list for PBXNativeTarget "multiplicationTests" */;
			buildPhases = (
				3F2F91182B960B3800E76544 /* Sources */,
				3F2F91192B960B3800E76544 /* Frameworks */,
				3F2F911A2B960B3800E76544 /* Resources */,
			);
			buildRules = (
			);
			dependencies = (
				3F2F911E2B960B3800E76544 /* PBXTargetDependency */,
			);
			name = multiplicationTests;
			productName = multiplicationTests;
			productReference = 3F2F911C2B960B3800E76544 /* multiplicationTests.xctest */;
			productType = "com.apple.product-type.bundle.unit-test";
		};
		3F2F91252B960B3800E76544 /* multiplicationUITests */ = {
			isa = PBXNativeTarget;
			buildConfigurationList = 3F2F91362B960B3800E76544 /* Build configuration list for PBXNativeTarget "multiplicationUITests" */;
			buildPhases = (
				3F2F91222B960B3800E76544 /* Sources */,
				3F2F91232B960B3800E76544 /* Frameworks */,
				3F2F91242B960B3800E76544 /* Resources */,
			);
			buildRules = (
			);
			dependencies = (
				3F2F91282B960B3800E76544 /* PBXTargetDependency */,
			);
			name = multiplicationUITests;
			productName = multiplicationUITests;
			productReference = 3F2F91262B960B3800E76544 /* multiplicationUITests.xctest */;
			productType = "com.apple.product-type.bundle.ui-testing";
		};
/* End PBXNativeTarget section */

/* Begin PBXProject section */
		3F2F91042B960B3300E76544 /* Project object */ = {
			isa = PBXProject;
			attributes = {
				BuildIndependentTargetsInParallel = 1;
				LastSwiftUpdateCheck = 1510;
				LastUpgradeCheck = 1510;
				TargetAttributes = {
					3F2F910B2B960B3300E76544 = {
						CreatedOnToolsVersion = 15.1;
					};
					3F2F911B2B960B3800E76544 = {
						CreatedOnToolsVersion = 15.1;
						TestTargetID = 3F2F910B2B960B3300E76544;
					};
					3F2F91252B960B3800E76544 = {
						CreatedOnToolsVersion = 15.1;
						TestTargetID = 3F2F910B2B960B3300E76544;
					};
				};
			};
			buildConfigurationList = 3F2F91072B960B3300E76544 /* Build configuration list for PBXProject "multiplication" */;
			compatibilityVersion = "Xcode 14.0";
			developmentRegion = en;
			hasScannedForEncodings = 0;
			knownRegions = (
				en,
				Base,
			);
			mainGroup = 3F2F91032B960B3300E76544;
			productRefGroup = 3F2F910D2B960B3300E76544 /* Products */;
			projectDirPath = "";
			projectRoot = "";
			targets = (
				3F2F910B2B960B3300E76544 /* multiplication */,
				3F2F911B2B960B3800E76544 /* multiplicationTests */,
				3F2F91252B960B3800E76544 /* multiplicationUITests */,
			);
		};
/* End PBXProject section */

/* Begin PBXResourcesBuildPhase section */
		3F2F910A2B960B3300E76544 /* Resources */ = {
			isa = PBXResourcesBuildPhase;
			buildActionMask = 2147483647;
			files = (
				3F2F91172B960B3800E76544 /* Preview Assets.xcassets in Resources */,
				3F2F91142B960B3800E76544 /* Assets.xcassets in Resources */,
			);
			runOnlyForDeploymentPostprocessing = 0;
		};
		3F2F911A2B960B3800E76544 /* Resources */ = {
			isa = PBXResourcesBuildPhase;
			buildActionMask = 2147483647;
			files = (
			);
			runOnlyForDeploymentPostprocessing = 0;
		};
		3F2F91242B960B3800E76544 /* Resources */ = {
			isa = PBXResourcesBuildPhase;
			buildActionMask = 2147483647;
			files = (
			);
			runOnlyForDeploymentPostprocessing = 0;
		};
/* End PBXResourcesBuildPhase section */

/* Begin PBXSourcesBuildPhase section */
		3F2F91082B960B3300E76544 /* Sources */ = {
			isa = PBXSourcesBuildPhase;
			buildActionMask = 2147483647;
			files = (
				3F2F91122B960B3300E76544 /* ContentView.swift in Sources */,
				3F2F91102B960B3300E76544 /* multiplicationApp.swift in Sources */,
			);
			runOnlyForDeploymentPostprocessing = 0;
		};
		3F2F91182B960B3800E76544 /* Sources */ = {
			isa = PBXSourcesBuildPhase;
			buildActionMask = 2147483647;
			files = (
				3F2F91212B960B3800E76544 /* multiplicationTests.swift in Sources */,
			);
			runOnlyForDeploymentPostprocessing = 0;
		};
		3F2F91222B960B3800E76544 /* Sources */ = {
			isa = PBXSourcesBuildPhase;
			buildActionMask = 2147483647;
			files = (
				3F2F912D2B960B3800E76544 /* multiplicationUITestsLaunchTests.swift in Sources */,
				3F2F912B2B960B3800E76544 /* multiplicationUITests.swift in Sources */,
			);
			runOnlyForDeploymentPostprocessing = 0;
		};
/* End PBXSourcesBuildPhase section */

/* Begin PBXTargetDependency section */
		3F2F911E2B960B3800E76544 /* PBXTargetDependency */ = {
			isa = PBXTargetDependency;
			target = 3F2F910B2B960B3300E76544 /* multiplication */;
			targetProxy = 3F2F911D2B960B3800E76544 /* PBXContainerItemProxy */;
		};
		3F2F91282B960B3800E76544 /* PBXTargetDependency */ = {
			isa = PBXTargetDependency;
			target = 3F2F910B2B960B3300E76544 /* multiplication */;
			targetProxy = 3F2F91272B960B3800E76544 /* PBXContainerItemProxy */;
		};
/* End PBXTargetDependency section */

/* Begin XCBuildConfiguration section */
		3F2F912E2B960B3800E76544 /* Debug */ = {
			isa = XCBuildConfiguration;
			buildSettings = {
				ALWAYS_SEARCH_USER_PATHS = NO;
				ASSETCATALOG_COMPILER_GENERATE_SWIFT_ASSET_SYMBOL_EXTENSIONS = YES;
				CLANG_ANALYZER_NONNULL = YES;
				CLANG_ANALYZER_NUMBER_OBJECT_CONVERSION = YES_AGGRESSIVE;
				CLANG_CXX_LANGUAGE_STANDARD = "gnu++20";
				CLANG_ENABLE_MODULES = YES;
				CLANG_ENABLE_OBJC_ARC = YES;
				CLANG_ENABLE_OBJC_WEAK = YES;
				CLANG_WARN_BLOCK_CAPTURE_AUTORELEASING = YES;
				CLANG_WARN_BOOL_CONVERSION = YES;
				CLANG_WARN_COMMA = YES;
				CLANG_WARN_CONSTANT_CONVERSION = YES;
				CLANG_WARN_DEPRECATED_OBJC_IMPLEMENTATIONS = YES;
				CLANG_WARN_DIRECT_OBJC_ISA_USAGE = YES_ERROR;
				CLANG_WARN_DOCUMENTATION_COMMENTS = YES;
				CLANG_WARN_EMPTY_BODY = YES;
				CLANG_WARN_ENUM_CONVERSION = YES;
				CLANG_WARN_INFINITE_RECURSION = YES;
				CLANG_WARN_INT_CONVERSION = YES;
				CLANG_WARN_NON_LITERAL_NULL_CONVERSION = YES;
				CLANG_WARN_OBJC_IMPLICIT_RETAIN_SELF = YES;
				CLANG_WARN_OBJC_LITERAL_CONVERSION = YES;
				CLANG_WARN_OBJC_ROOT_CLASS = YES_ERROR;
				CLANG_WARN_QUOTED_INCLUDE_IN_FRAMEWORK_HEADER = YES;
				CLANG_WARN_RANGE_LOOP_ANALYSIS = YES;
				CLANG_WARN_STRICT_PROTOTYPES = YES;
				CLANG_WARN_SUSPICIOUS_MOVE = YES;
				CLANG_WARN_UNGUARDED_AVAILABILITY = YES_AGGRESSIVE;
				CLANG_WARN_UNREACHABLE_CODE = YES;
				CLANG_WARN__DUPLICATE_METHOD_MATCH = YES;
				COPY_PHASE_STRIP = NO;
				DEBUG_INFORMATION_FORMAT = dwarf;
				ENABLE_STRICT_OBJC_MSGSEND = YES;
				ENABLE_TESTABILITY = YES;
				ENABLE_USER_SCRIPT_SANDBOXING = YES;
				GCC_C_LANGUAGE_STANDARD = gnu17;
				GCC_DYNAMIC_NO_PIC = NO;
				GCC_NO_COMMON_BLOCKS = YES;
				GCC_OPTIMIZATION_LEVEL = 0;
				GCC_PREPROCESSOR_DEFINITIONS = (
					"DEBUG=1",
					"$(inherited)",
				);
				GCC_WARN_64_TO_32_BIT_CONVERSION = YES;
				GCC_WARN_ABOUT_RETURN_TYPE = YES_ERROR;
				GCC_WARN_UNDECLARED_SELECTOR = YES;
				GCC_WARN_UNINITIALIZED_AUTOS = YES_AGGRESSIVE;
				GCC_WARN_UNUSED_FUNCTION = YES;
				GCC_WARN_UNUSED_VARIABLE = YES;
				IPHONEOS_DEPLOYMENT_TARGET = 17.2;
				LOCALIZATION_PREFERS_STRING_CATALOGS = YES;
				MTL_ENABLE_DEBUG_INFO = INCLUDE_SOURCE;
				MTL_FAST_MATH = YES;
				ONLY_ACTIVE_ARCH = YES;
				SDKROOT = iphoneos;
				SWIFT_ACTIVE_COMPILATION_CONDITIONS = "DEBUG $(inherited)";
				SWIFT_OPTIMIZATION_LEVEL = "-Onone";
			};
			name = Debug;
		};
		3F2F912F2B960B3800E76544 /* Release */ = {
			isa = XCBuildConfiguration;
			buildSettings = {
				ALWAYS_SEARCH_USER_PATHS = NO;
				ASSETCATALOG_COMPILER_GENERATE_SWIFT_ASSET_SYMBOL_EXTENSIONS = YES;
				CLANG_ANALYZER_NONNULL = YES;
				CLANG_ANALYZER_NUMBER_OBJECT_CONVERSION = YES_AGGRESSIVE;
				CLANG_CXX_LANGUAGE_STANDARD = "gnu++20";
				CLANG_ENABLE_MODULES = YES;
				CLANG_ENABLE_OBJC_ARC = YES;
				CLANG_ENABLE_OBJC_WEAK = YES;
				CLANG_WARN_BLOCK_CAPTURE_AUTORELEASING = YES;
				CLANG_WARN_BOOL_CONVERSION = YES;
				CLANG_WARN_COMMA = YES;
				CLANG_WARN_CONSTANT_CONVERSION = YES;
				CLANG_WARN_DEPRECATED_OBJC_IMPLEMENTATIONS = YES;
				CLANG_WARN_DIRECT_OBJC_ISA_USAGE = YES_ERROR;
				CLANG_WARN_DOCUMENTATION_COMMENTS = YES;
				CLANG_WARN_EMPTY_BODY = YES;
				CLANG_WARN_ENUM_CONVERSION = YES;
				CLANG_WARN_INFINITE_RECURSION = YES;
				CLANG_WARN_INT_CONVERSION = YES;
				CLANG_WARN_NON_LITERAL_NULL_CONVERSION = YES;
				CLANG_WARN_OBJC_IMPLICIT_RETAIN_SELF = YES;
				CLANG_WARN_OBJC_LITERAL_CONVERSION = YES;
				CLANG_WARN_OBJC_ROOT_CLASS = YES_ERROR;
				CLANG_WARN_QUOTED_INCLUDE_IN_FRAMEWORK_HEADER = YES;
				CLANG_WARN_RANGE_LOOP_ANALYSIS = YES;
				CLANG_WARN_STRICT_PROTOTYPES = YES;
				CLANG_WARN_SUSPICIOUS_MOVE = YES;
				CLANG_WARN_UNGUARDED_AVAILABILITY = YES_AGGRESSIVE;
				CLANG_WARN_UNREACHABLE_CODE = YES;
				CLANG_WARN__DUPLICATE_METHOD_MATCH = YES;
				COPY_PHASE_STRIP = NO;
				DEBUG_INFORMATION_FORMAT = "dwarf-with-dsym";
				ENABLE_NS_ASSERTIONS = NO;
				ENABLE_STRICT_OBJC_MSGSEND = YES;
				ENABLE_USER_SCRIPT_SANDBOXING = YES;
				GCC_C_LANGUAGE_STANDARD = gnu17;
				GCC_NO_COMMON_BLOCKS = YES;
				GCC_WARN_64_TO_32_BIT_CONVERSION = YES;
				GCC_WARN_ABOUT_RETURN_TYPE = YES_ERROR;
				GCC_WARN_UNDECLARED_SELECTOR = YES;
				GCC_WARN_UNINITIALIZED_AUTOS = YES_AGGRESSIVE;
				GCC_WARN_UNUSED_FUNCTION = YES;
				GCC_WARN_UNUSED_VARIABLE = YES;
				IPHONEOS_DEPLOYMENT_TARGET = 17.2;
				LOCALIZATION_PREFERS_STRING_CATALOGS = YES;
				MTL_ENABLE_DEBUG_INFO = NO;
				MTL_FAST_MATH = YES;
				SDKROOT = iphoneos;
				SWIFT_COMPILATION_MODE = wholemodule;
				VALIDATE_PRODUCT = YES;
			};
			name = Release;
		};
		3F2F91312B960B3800E76544 /* Debug */ = {
			isa = XCBuildConfiguration;
			buildSettings = {
				ASSETCATALOG_COMPILER_APPICON_NAME = AppIcon;
				ASSETCATALOG_COMPILER_GLOBAL_ACCENT_COLOR_NAME = AccentColor;
				CODE_SIGN_STYLE = Automatic;
				CURRENT_PROJECT_VERSION = 1;
				DEVELOPMENT_ASSET_PATHS = "\"multiplication/Preview Content\"";
				ENABLE_PREVIEWS = YES;
				GENERATE_INFOPLIST_FILE = YES;
				INFOPLIST_KEY_UIApplicationSceneManifest_Generation = YES;
				INFOPLIST_KEY_UIApplicationSupportsIndirectInputEvents = YES;
				INFOPLIST_KEY_UILaunchScreen_Generation = YES;
				INFOPLIST_KEY_UISupportedInterfaceOrientations_iPad = "UIInterfaceOrientationPortrait UIInterfaceOrientationPortraitUpsideDown UIInterfaceOrientationLandscapeLeft UIInterfaceOrientationLandscapeRight";
				INFOPLIST_KEY_UISupportedInterfaceOrientations_iPhone = "UIInterfaceOrientationPortrait UIInterfaceOrientationLandscapeLeft UIInterfaceOrientationLandscapeRight";
				LD_RUNPATH_SEARCH_PATHS = (
					"$(inherited)",
					"@executable_path/Frameworks",
				);
				MARKETING_VERSION = 1.0;
				PRODUCT_BUNDLE_IDENTIFIER = me.merlin.jarrod.multiplication;
				PRODUCT_NAME = "$(TARGET_NAME)";
				SWIFT_EMIT_LOC_STRINGS = YES;
				SWIFT_VERSION = 5.0;
				TARGETED_DEVICE_FAMILY = "1,2";
			};
			name = Debug;
		};
		3F2F91322B960B3800E76544 /* Release */ = {
			isa = XCBuildConfiguration;
			buildSettings = {
				ASSETCATALOG_COMPILER_APPICON_NAME = AppIcon;
				ASSETCATALOG_COMPILER_GLOBAL_ACCENT_COLOR_NAME = AccentColor;
				CODE_SIGN_STYLE = Automatic;
				CURRENT_PROJECT_VERSION = 1;
				DEVELOPMENT_ASSET_PATHS = "\"multiplication/Preview Content\"";
				ENABLE_PREVIEWS = YES;
				GENERATE_INFOPLIST_FILE = YES;
				INFOPLIST_KEY_UIApplicationSceneManifest_Generation = YES;
				INFOPLIST_KEY_UIApplicationSupportsIndirectInputEvents = YES;
				INFOPLIST_KEY_UILaunchScreen_Generation = YES;
				INFOPLIST_KEY_UISupportedInterfaceOrientations_iPad = "UIInterfaceOrientationPortrait UIInterfaceOrientationPortraitUpsideDown UIInterfaceOrientationLandscapeLeft UIInterfaceOrientationLandscapeRight";
				INFOPLIST_KEY_UISupportedInterfaceOrientations_iPhone = "UIInterfaceOrientationPortrait UIInterfaceOrientationLandscapeLeft UIInterfaceOrientationLandscapeRight";
				LD_RUNPATH_SEARCH_PATHS = (
					"$(inherited)",
					"@executable_path/Frameworks",
				);
				MARKETING_VERSION = 1.0;
				PRODUCT_BUNDLE_IDENTIFIER = me.merlin.jarrod.multiplication;
				PRODUCT_NAME = "$(TARGET_NAME)";
				SWIFT_EMIT_LOC_STRINGS = YES;
				SWIFT_VERSION = 5.0;
				TARGETED_DEVICE_FAMILY = "1,2";
			};
			name = Release;
		};
		3F2F91342B960B3800E76544 /* Debug */ = {
			isa = XCBuildConfiguration;
			buildSettings = {
				ALWAYS_EMBED_SWIFT_STANDARD_LIBRARIES = YES;
				BUNDLE_LOADER = "$(TEST_HOST)";
				CODE_SIGN_STYLE = Automatic;
				CURRENT_PROJECT_VERSION = 1;
				GENERATE_INFOPLIST_FILE = YES;
				IPHONEOS_DEPLOYMENT_TARGET = 17.2;
				MARKETING_VERSION = 1.0;
				PRODUCT_BUNDLE_IDENTIFIER = me.merlin.jarrod.multiplicationTests;
				PRODUCT_NAME = "$(TARGET_NAME)";
				SWIFT_EMIT_LOC_STRINGS = NO;
				SWIFT_VERSION = 5.0;
				TARGETED_DEVICE_FAMILY = "1,2";
				TEST_HOST = "$(BUILT_PRODUCTS_DIR)/multiplication.app/$(BUNDLE_EXECUTABLE_FOLDER_PATH)/multiplication";
			};
			name = Debug;
		};
		3F2F91352B960B3800E76544 /* Release */ = {
			isa = XCBuildConfiguration;
			buildSettings = {
				ALWAYS_EMBED_SWIFT_STANDARD_LIBRARIES = YES;
				BUNDLE_LOADER = "$(TEST_HOST)";
				CODE_SIGN_STYLE = Automatic;
				CURRENT_PROJECT_VERSION = 1;
				GENERATE_INFOPLIST_FILE = YES;
				IPHONEOS_DEPLOYMENT_TARGET = 17.2;
				MARKETING_VERSION = 1.0;
				PRODUCT_BUNDLE_IDENTIFIER = me.merlin.jarrod.multiplicationTests;
				PRODUCT_NAME = "$(TARGET_NAME)";
				SWIFT_EMIT_LOC_STRINGS = NO;
				SWIFT_VERSION = 5.0;
				TARGETED_DEVICE_FAMILY = "1,2";
				TEST_HOST = "$(BUILT_PRODUCTS_DIR)/multiplication.app/$(BUNDLE_EXECUTABLE_FOLDER_PATH)/multiplication";
			};
			name = Release;
		};
		3F2F91372B960B3800E76544 /* Debug */ = {
			isa = XCBuildConfiguration;
			buildSettings = {
				ALWAYS_EMBED_SWIFT_STANDARD_LIBRARIES = YES;
				CODE_SIGN_STYLE = Automatic;
				CURRENT_PROJECT_VERSION = 1;
				GENERATE_INFOPLIST_FILE = YES;
				MARKETING_VERSION = 1.0;
				PRODUCT_BUNDLE_IDENTIFIER = me.merlin.jarrod.multiplicationUITests;
				PRODUCT_NAME = "$(TARGET_NAME)";
				SWIFT_EMIT_LOC_STRINGS = NO;
				SWIFT_VERSION = 5.0;
				TARGETED_DEVICE_FAMILY = "1,2";
				TEST_TARGET_NAME = multiplication;
			};
			name = Debug;
		};
		3F2F91382B960B3800E76544 /* Release */ = {
			isa = XCBuildConfiguration;
			buildSettings = {
				ALWAYS_EMBED_SWIFT_STANDARD_LIBRARIES = YES;
				CODE_SIGN_STYLE = Automatic;
				CURRENT_PROJECT_VERSION = 1;
				GENERATE_INFOPLIST_FILE = YES;
				MARKETING_VERSION = 1.0;
				PRODUCT_BUNDLE_IDENTIFIER = me.merlin.jarrod.multiplicationUITests;
				PRODUCT_NAME = "$(TARGET_NAME)";
				SWIFT_EMIT_LOC_STRINGS = NO;
				SWIFT_VERSION = 5.0;
				TARGETED_DEVICE_FAMILY = "1,2";
				TEST_TARGET_NAME = multiplication;
			};
			name = Release;
		};
/* End XCBuildConfiguration section */

/* Begin XCConfigurationList section */
		3F2F91072B960B3300E76544 /* Build configuration list for PBXProject "multiplication" */ = {
			isa = XCConfigurationList;
			buildConfigurations = (
				3F2F912E2B960B3800E76544 /* Debug */,
				3F2F912F2B960B3800E76544 /* Release */,
			);
			defaultConfigurationIsVisible = 0;
			defaultConfigurationName = Release;
		};
		3F2F91302B960B3800E76544 /* Build configuration list for PBXNativeTarget "multiplication" */ = {
			isa = XCConfigurationList;
			buildConfigurations = (
				3F2F91312B960B3800E76544 /* Debug */,
				3F2F91322B960B3800E76544 /* Release */,
			);
			defaultConfigurationIsVisible = 0;
			defaultConfigurationName = Release;
		};
		3F2F91332B960B3800E76544 /* Build configuration list for PBXNativeTarget "multiplicationTests" */ = {
			isa = XCConfigurationList;
			buildConfigurations = (
				3F2F91342B960B3800E76544 /* Debug */,
				3F2F91352B960B3800E76544 /* Release */,
			);
			defaultConfigurationIsVisible = 0;
			defaultConfigurationName = Release;
		};
		3F2F91362B960B3800E76544 /* Build configuration list for PBXNativeTarget "multiplicationUITests" */ = {
			isa = XCConfigurationList;
			buildConfigurations = (
				3F2F91372B960B3800E76544 /* Debug */,
				3F2F91382B960B3800E76544 /* Release */,
			);
			defaultConfigurationIsVisible = 0;
			defaultConfigurationName = Release;
		};
/* End XCConfigurationList section */
	};
	rootObject = 3F2F91042B960B3300E76544 /* Project object */;
}
